
Microsoft Visual Studio Solution File, Format Version 12.00
# Visual Studio 15
VisualStudioVersion = 15.0.26730.16
MinimumVisualStudioVersion = 10.0.40219.1
Project("{D954291E-2A0B-460D-934E-DC6B0785DB48}") = "PracticaXamarin1", "PracticaXamarin1\PracticaXamarin1\PracticaXamarin1.shproj", "{06B91464-7818-4DF2-9DFD-171ABD2CB7E3}"
EndProject
Project("{FAE04EC0-301F-11D3-BF4B-00C04F79EFBC}") = "PracticaXamarin1.Android", "PracticaXamarin1\PracticaXamarin1.Android\PracticaXamarin1.Android.csproj", "{A9222926-A576-4D2D-9D85-D3CB6A82DEBB}"
EndProject
Project("{FAE04EC0-301F-11D3-BF4B-00C04F79EFBC}") = "PracticaXamarin1.iOS", "PracticaXamarin1\PracticaXamarin1.iOS\PracticaXamarin1.iOS.csproj", "{776A4710-80CA-40B7-8C7D-952A0D900974}"
EndProject
Project("{FAE04EC0-301F-11D3-BF4B-00C04F79EFBC}") = "PracticaXamarin1.UWP", "PracticaXamarin1\PracticaXamarin1.UWP\PracticaXamarin1.UWP.csproj", "{5ADD2D48-5A6F-4E6E-BDA2-D65C841AE828}"
EndProject
Global
	GlobalSection(SharedMSBuildProjectFiles) = preSolution
		PracticaXamarin1\PracticaXamarin1\PracticaXamarin1.projitems*{06b91464-7818-4df2-9dfd-171abd2cb7e3}*SharedItemsImports = 13
		PracticaXamarin1\PracticaXamarin1\PracticaXamarin1.projitems*{5add2d48-5a6f-4e6e-bda2-d65c841ae828}*SharedItemsImports = 4
		PracticaXamarin1\PracticaXamarin1\PracticaXamarin1.projitems*{776a4710-80ca-40b7-8c7d-952a0d900974}*SharedItemsImports = 4
		PracticaXamarin1\PracticaXamarin1\PracticaXamarin1.projitems*{a9222926-a576-4d2d-9d85-d3cb6a82debb}*SharedItemsImports = 4
	EndGlobalSection
	GlobalSection(SolutionConfigurationPlatforms) = preSolution
		Ad-Hoc|Any CPU = Ad-Hoc|Any CPU
		Ad-Hoc|ARM = Ad-Hoc|ARM
		Ad-Hoc|iPhone = Ad-Hoc|iPhone
		Ad-Hoc|iPhoneSimulator = Ad-Hoc|iPhoneSimulator
		Ad-Hoc|x64 = Ad-Hoc|x64
		Ad-Hoc|x86 = Ad-Hoc|x86
		AppStore|Any CPU = AppStore|Any CPU
		AppStore|ARM = AppStore|ARM
		AppStore|iPhone = AppStore|iPhone
		AppStore|iPhoneSimulator = AppStore|iPhoneSimulator
		AppStore|x64 = AppStore|x64
		AppStore|x86 = AppStore|x86
		Debug|Any CPU = Debug|Any CPU
		Debug|ARM = Debug|ARM
		Debug|iPhone = Debug|iPhone
		Debug|iPhoneSimulator = Debug|iPhoneSimulator
		Debug|x64 = Debug|x64
		Debug|x86 = Debug|x86
		Release|Any CPU = Release|Any CPU
		Release|ARM = Release|ARM
		Release|iPhone = Release|iPhone
		Release|iPhoneSimulator = Release|iPhoneSimulator
		Release|x64 = Release|x64
		Release|x86 = Release|x86
	EndGlobalSection
	GlobalSection(ProjectConfigurationPlatforms) = postSolution
		{A9222926-A576-4D2D-9D85-D3CB6A82DEBB}.Ad-Hoc|Any CPU.ActiveCfg = Release|Any CPU
		{A9222926-A576-4D2D-9D85-D3CB6A82DEBB}.Ad-Hoc|Any CPU.Build.0 = Release|Any CPU
		{A9222926-A576-4D2D-9D85-D3CB6A82DEBB}.Ad-Hoc|Any CPU.Deploy.0 = Release|Any CPU
		{A9222926-A576-4D2D-9D85-D3CB6A82DEBB}.Ad-Hoc|ARM.ActiveCfg = Release|Any CPU
		{A9222926-A576-4D2D-9D85-D3CB6A82DEBB}.Ad-Hoc|ARM.Build.0 = Release|Any CPU
		{A9222926-A576-4D2D-9D85-D3CB6A82DEBB}.Ad-Hoc|ARM.Deploy.0 = Release|Any CPU
		{A9222926-A576-4D2D-9D85-D3CB6A82DEBB}.Ad-Hoc|iPhone.ActiveCfg = Release|Any CPU
		{A9222926-A576-4D2D-9D85-D3CB6A82DEBB}.Ad-Hoc|iPhone.Build.0 = Release|Any CPU
		{A9222926-A576-4D2D-9D85-D3CB6A82DEBB}.Ad-Hoc|iPhone.Deploy.0 = Release|Any CPU
		{A9222926-A576-4D2D-9D85-D3CB6A82DEBB}.Ad-Hoc|iPhoneSimulator.ActiveCfg = Release|Any CPU
		{A9222926-A576-4D2D-9D85-D3CB6A82DEBB}.Ad-Hoc|iPhoneSimulator.Build.0 = Release|Any CPU
		{A9222926-A576-4D2D-9D85-D3CB6A82DEBB}.Ad-Hoc|iPhoneSimulator.Deploy.0 = Release|Any CPU
		{A9222926-A576-4D2D-9D85-D3CB6A82DEBB}.Ad-Hoc|x64.ActiveCfg = Release|Any CPU
		{A9222926-A576-4D2D-9D85-D3CB6A82DEBB}.Ad-Hoc|x64.Build.0 = Release|Any CPU
		{A9222926-A576-4D2D-9D85-D3CB6A82DEBB}.Ad-Hoc|x64.Deploy.0 = Release|Any CPU
		{A9222926-A576-4D2D-9D85-D3CB6A82DEBB}.Ad-Hoc|x86.ActiveCfg = Release|Any CPU
		{A9222926-A576-4D2D-9D85-D3CB6A82DEBB}.Ad-Hoc|x86.Build.0 = Release|Any CPU
		{A9222926-A576-4D2D-9D85-D3CB6A82DEBB}.Ad-Hoc|x86.Deploy.0 = Release|Any CPU
		{A9222926-A576-4D2D-9D85-D3CB6A82DEBB}.AppStore|Any CPU.ActiveCfg = Release|Any CPU
		{A9222926-A576-4D2D-9D85-D3CB6A82DEBB}.AppStore|Any CPU.Build.0 = Release|Any CPU
		{A9222926-A576-4D2D-9D85-D3CB6A82DEBB}.AppStore|Any CPU.Deploy.0 = Release|Any CPU
		{A9222926-A576-4D2D-9D85-D3CB6A82DEBB}.AppStore|ARM.ActiveCfg = Release|Any CPU
		{A9222926-A576-4D2D-9D85-D3CB6A82DEBB}.AppStore|ARM.Build.0 = Release|Any CPU
		{A9222926-A576-4D2D-9D85-D3CB6A82DEBB}.AppStore|ARM.Deploy.0 = Release|Any CPU
		{A9222926-A576-4D2D-9D85-D3CB6A82DEBB}.AppStore|iPhone.ActiveCfg = Release|Any CPU
		{A9222926-A576-4D2D-9D85-D3CB6A82DEBB}.AppStore|iPhone.Build.0 = Release|Any CPU
		{A9222926-A576-4D2D-9D85-D3CB6A82DEBB}.AppStore|iPhone.Deploy.0 = Release|Any CPU
		{A9222926-A576-4D2D-9D85-D3CB6A82DEBB}.AppStore|iPhoneSimulator.ActiveCfg = Release|Any CPU
		{A9222926-A576-4D2D-9D85-D3CB6A82DEBB}.AppStore|iPhoneSimulator.Build.0 = Release|Any CPU
		{A9222926-A576-4D2D-9D85-D3CB6A82DEBB}.AppStore|iPhoneSimulator.Deploy.0 = Release|Any CPU
		{A9222926-A576-4D2D-9D85-D3CB6A82DEBB}.AppStore|x64.ActiveCfg = Release|Any CPU
		{A9222926-A576-4D2D-9D85-D3CB6A82DEBB}.AppStore|x64.Build.0 = Release|Any CPU
		{A9222926-A576-4D2D-9D85-D3CB6A82DEBB}.AppStore|x64.Deploy.0 = Release|Any CPU
		{A9222926-A576-4D2D-9D85-D3CB6A82DEBB}.AppStore|x86.ActiveCfg = Release|Any CPU
		{A9222926-A576-4D2D-9D85-D3CB6A82DEBB}.AppStore|x86.Build.0 = Release|Any CPU
		{A9222926-A576-4D2D-9D85-D3CB6A82DEBB}.AppStore|x86.Deploy.0 = Release|Any CPU
		{A9222926-A576-4D2D-9D85-D3CB6A82DEBB}.Debug|Any CPU.ActiveCfg = Debug|Any CPU
		{A9222926-A576-4D2D-9D85-D3CB6A82DEBB}.Debug|Any CPU.Build.0 = Debug|Any CPU
		{A9222926-A576-4D2D-9D85-D3CB6A82DEBB}.Debug|Any CPU.Deploy.0 = Debug|Any CPU
		{A9222926-A576-4D2D-9D85-D3CB6A82DEBB}.Debug|ARM.ActiveCfg = Debug|Any CPU
		{A9222926-A576-4D2D-9D85-D3CB6A82DEBB}.Debug|ARM.Build.0 = Debug|Any CPU
		{A9222926-A576-4D2D-9D85-D3CB6A82DEBB}.Debug|ARM.Deploy.0 = Debug|Any CPU
		{A9222926-A576-4D2D-9D85-D3CB6A82DEBB}.Debug|iPhone.ActiveCfg = Debug|Any CPU
		{A9222926-A576-4D2D-9D85-D3CB6A82DEBB}.Debug|iPhone.Build.0 = Debug|Any CPU
		{A9222926-A576-4D2D-9D85-D3CB6A82DEBB}.Debug|iPhone.Deploy.0 = Debug|Any CPU
		{A9222926-A576-4D2D-9D85-D3CB6A82DEBB}.Debug|iPhoneSimulator.ActiveCfg = Debug|Any CPU
		{A9222926-A576-4D2D-9D85-D3CB6A82DEBB}.Debug|iPhoneSimulator.Build.0 = Debug|Any CPU
		{A9222926-A576-4D2D-9D85-D3CB6A82DEBB}.Debug|iPhoneSimulator.Deploy.0 = Debug|Any CPU
		{A9222926-A576-4D2D-9D85-D3CB6A82DEBB}.Debug|x64.ActiveCfg = Debug|Any CPU
		{A9222926-A576-4D2D-9D85-D3CB6A82DEBB}.Debug|x64.Build.0 = Debug|Any CPU
		{A9222926-A576-4D2D-9D85-D3CB6A82DEBB}.Debug|x64.Deploy.0 = Debug|Any CPU
		{A9222926-A576-4D2D-9D85-D3CB6A82DEBB}.Debug|x86.ActiveCfg = Debug|Any CPU
		{A9222926-A576-4D2D-9D85-D3CB6A82DEBB}.Debug|x86.Build.0 = Debug|Any CPU
		{A9222926-A576-4D2D-9D85-D3CB6A82DEBB}.Debug|x86.Deploy.0 = Debug|Any CPU
		{A9222926-A576-4D2D-9D85-D3CB6A82DEBB}.Release|Any CPU.ActiveCfg = Release|Any CPU
		{A9222926-A576-4D2D-9D85-D3CB6A82DEBB}.Release|Any CPU.Build.0 = Release|Any CPU
		{A9222926-A576-4D2D-9D85-D3CB6A82DEBB}.Release|Any CPU.Deploy.0 = Release|Any CPU
		{A9222926-A576-4D2D-9D85-D3CB6A82DEBB}.Release|ARM.ActiveCfg = Release|Any CPU
		{A9222926-A576-4D2D-9D85-D3CB6A82DEBB}.Release|ARM.Build.0 = Release|Any CPU
		{A9222926-A576-4D2D-9D85-D3CB6A82DEBB}.Release|ARM.Deploy.0 = Release|Any CPU
		{A9222926-A576-4D2D-9D85-D3CB6A82DEBB}.Release|iPhone.ActiveCfg = Release|Any CPU
		{A9222926-A576-4D2D-9D85-D3CB6A82DEBB}.Release|iPhone.Build.0 = Release|Any CPU
		{A9222926-A576-4D2D-9D85-D3CB6A82DEBB}.Release|iPhone.Deploy.0 = Release|Any CPU
		{A9222926-A576-4D2D-9D85-D3CB6A82DEBB}.Release|iPhoneSimulator.ActiveCfg = Release|Any CPU
		{A9222926-A576-4D2D-9D85-D3CB6A82DEBB}.Release|iPhoneSimulator.Build.0 = Release|Any CPU
		{A9222926-A576-4D2D-9D85-D3CB6A82DEBB}.Release|iPhoneSimulator.Deploy.0 = Release|Any CPU
		{A9222926-A576-4D2D-9D85-D3CB6A82DEBB}.Release|x64.ActiveCfg = Release|Any CPU
		{A9222926-A576-4D2D-9D85-D3CB6A82DEBB}.Release|x64.Build.0 = Release|Any CPU
		{A9222926-A576-4D2D-9D85-D3CB6A82DEBB}.Release|x64.Deploy.0 = Release|Any CPU
		{A9222926-A576-4D2D-9D85-D3CB6A82DEBB}.Release|x86.ActiveCfg = Release|Any CPU
		{A9222926-A576-4D2D-9D85-D3CB6A82DEBB}.Release|x86.Build.0 = Release|Any CPU
		{A9222926-A576-4D2D-9D85-D3CB6A82DEBB}.Release|x86.Deploy.0 = Release|Any CPU
		{776A4710-80CA-40B7-8C7D-952A0D900974}.Ad-Hoc|Any CPU.ActiveCfg = Ad-Hoc|iPhone
		{776A4710-80CA-40B7-8C7D-952A0D900974}.Ad-Hoc|ARM.ActiveCfg = Ad-Hoc|iPhone
		{776A4710-80CA-40B7-8C7D-952A0D900974}.Ad-Hoc|iPhone.ActiveCfg = Ad-Hoc|iPhone
		{776A4710-80CA-40B7-8C7D-952A0D900974}.Ad-Hoc|iPhone.Build.0 = Ad-Hoc|iPhone
		{776A4710-80CA-40B7-8C7D-952A0D900974}.Ad-Hoc|iPhoneSimulator.ActiveCfg = Ad-Hoc|iPhoneSimulator
		{776A4710-80CA-40B7-8C7D-952A0D900974}.Ad-Hoc|iPhoneSimulator.Build.0 = Ad-Hoc|iPhoneSimulator
		{776A4710-80CA-40B7-8C7D-952A0D900974}.Ad-Hoc|x64.ActiveCfg = Ad-Hoc|iPhone
		{776A4710-80CA-40B7-8C7D-952A0D900974}.Ad-Hoc|x86.ActiveCfg = Ad-Hoc|iPhone
		{776A4710-80CA-40B7-8C7D-952A0D900974}.AppStore|Any CPU.ActiveCfg = AppStore|iPhone
		{776A4710-80CA-40B7-8C7D-952A0D900974}.AppStore|ARM.ActiveCfg = AppStore|iPhone
		{776A4710-80CA-40B7-8C7D-952A0D900974}.AppStore|iPhone.ActiveCfg = AppStore|iPhone
		{776A4710-80CA-40B7-8C7D-952A0D900974}.AppStore|iPhone.Build.0 = AppStore|iPhone
		{776A4710-80CA-40B7-8C7D-952A0D900974}.AppStore|iPhoneSimulator.ActiveCfg = AppStore|iPhoneSimulator
		{776A4710-80CA-40B7-8C7D-952A0D900974}.AppStore|iPhoneSimulator.Build.0 = AppStore|iPhoneSimulator
		{776A4710-80CA-40B7-8C7D-952A0D900974}.AppStore|x64.ActiveCfg = AppStore|iPhone
		{776A4710-80CA-40B7-8C7D-952A0D900974}.AppStore|x86.ActiveCfg = AppStore|iPhone
		{776A4710-80CA-40B7-8C7D-952A0D900974}.Debug|Any CPU.ActiveCfg = Debug|iPhone
		{776A4710-80CA-40B7-8C7D-952A0D900974}.Debug|ARM.ActiveCfg = Debug|iPhone
		{776A4710-80CA-40B7-8C7D-952A0D900974}.Debug|iPhone.ActiveCfg = Debug|iPhone
		{776A4710-80CA-40B7-8C7D-952A0D900974}.Debug|iPhone.Build.0 = Debug|iPhone
		{776A4710-80CA-40B7-8C7D-952A0D900974}.Debug|iPhoneSimulator.ActiveCfg = Debug|iPhoneSimulator
		{776A4710-80CA-40B7-8C7D-952A0D900974}.Debug|iPhoneSimulator.Build.0 = Debug|iPhoneSimulator
		{776A4710-80CA-40B7-8C7D-952A0D900974}.Debug|x64.ActiveCfg = Debug|iPhone
		{776A4710-80CA-40B7-8C7D-952A0D900974}.Debug|x86.ActiveCfg = Debug|iPhone
		{776A4710-80CA-40B7-8C7D-952A0D900974}.Release|Any CPU.ActiveCfg = Release|iPhone
		{776A4710-80CA-40B7-8C7D-952A0D900974}.Release|ARM.ActiveCfg = Release|iPhone
		{776A4710-80CA-40B7-8C7D-952A0D900974}.Release|iPhone.ActiveCfg = Release|iPhone
		{776A4710-80CA-40B7-8C7D-952A0D900974}.Release|iPhone.Build.0 = Release|iPhone
		{776A4710-80CA-40B7-8C7D-952A0D900974}.Release|iPhoneSimulator.ActiveCfg = Release|iPhoneSimulator
		{776A4710-80CA-40B7-8C7D-952A0D900974}.Release|iPhoneSimulator.Build.0 = Release|iPhoneSimulator
		{776A4710-80CA-40B7-8C7D-952A0D900974}.Release|x64.ActiveCfg = Release|iPhone
		{776A4710-80CA-40B7-8C7D-952A0D900974}.Release|x86.ActiveCfg = Release|iPhone
		{5ADD2D48-5A6F-4E6E-BDA2-D65C841AE828}.Ad-Hoc|Any CPU.ActiveCfg = Release|x86
		{5ADD2D48-5A6F-4E6E-BDA2-D65C841AE828}.Ad-Hoc|Any CPU.Build.0 = Release|x86
		{5ADD2D48-5A6F-4E6E-BDA2-D65C841AE828}.Ad-Hoc|Any CPU.Deploy.0 = Release|x86
		{5ADD2D48-5A6F-4E6E-BDA2-D65C841AE828}.Ad-Hoc|ARM.ActiveCfg = Release|ARM
		{5ADD2D48-5A6F-4E6E-BDA2-D65C841AE828}.Ad-Hoc|ARM.Build.0 = Release|ARM
		{5ADD2D48-5A6F-4E6E-BDA2-D65C841AE828}.Ad-Hoc|ARM.Deploy.0 = Release|ARM
		{5ADD2D48-5A6F-4E6E-BDA2-D65C841AE828}.Ad-Hoc|iPhone.ActiveCfg = Release|x86
		{5ADD2D48-5A6F-4E6E-BDA2-D65C841AE828}.Ad-Hoc|iPhone.Build.0 = Release|x86
		{5ADD2D48-5A6F-4E6E-BDA2-D65C841AE828}.Ad-Hoc|iPhone.Deploy.0 = Release|x86
		{5ADD2D48-5A6F-4E6E-BDA2-D65C841AE828}.Ad-Hoc|iPhoneSimulator.ActiveCfg = Release|x86
		{5ADD2D48-5A6F-4E6E-BDA2-D65C841AE828}.Ad-Hoc|iPhoneSimulator.Build.0 = Release|x86
		{5ADD2D48-5A6F-4E6E-BDA2-D65C841AE828}.Ad-Hoc|iPhoneSimulator.Deploy.0 = Release|x86
		{5ADD2D48-5A6F-4E6E-BDA2-D65C841AE828}.Ad-Hoc|x64.ActiveCfg = Release|x64
		{5ADD2D48-5A6F-4E6E-BDA2-D65C841AE828}.Ad-Hoc|x64.Build.0 = Release|x64
		{5ADD2D48-5A6F-4E6E-BDA2-D65C841AE828}.Ad-Hoc|x64.Deploy.0 = Release|x64
		{5ADD2D48-5A6F-4E6E-BDA2-D65C841AE828}.Ad-Hoc|x86.ActiveCfg = Release|x86
		{5ADD2D48-5A6F-4E6E-BDA2-D65C841AE828}.Ad-Hoc|x86.Build.0 = Release|x86
		{5ADD2D48-5A6F-4E6E-BDA2-D65C841AE828}.Ad-Hoc|x86.Deploy.0 = Release|x86
		{5ADD2D48-5A6F-4E6E-BDA2-D65C841AE828}.AppStore|Any CPU.ActiveCfg = Release|x86
		{5ADD2D48-5A6F-4E6E-BDA2-D65C841AE828}.AppStore|Any CPU.Build.0 = Release|x86
		{5ADD2D48-5A6F-4E6E-BDA2-D65C841AE828}.AppStore|Any CPU.Deploy.0 = Release|x86
		{5ADD2D48-5A6F-4E6E-BDA2-D65C841AE828}.AppStore|ARM.ActiveCfg = Release|ARM
		{5ADD2D48-5A6F-4E6E-BDA2-D65C841AE828}.AppStore|ARM.Build.0 = Release|ARM
		{5ADD2D48-5A6F-4E6E-BDA2-D65C841AE828}.AppStore|ARM.Deploy.0 = Release|ARM
		{5ADD2D48-5A6F-4E6E-BDA2-D65C841AE828}.AppStore|iPhone.ActiveCfg = Release|x86
		{5ADD2D48-5A6F-4E6E-BDA2-D65C841AE828}.AppStore|iPhone.Build.0 = Release|x86
		{5ADD2D48-5A6F-4E6E-BDA2-D65C841AE828}.AppStore|iPhone.Deploy.0 = Release|x86
		{5ADD2D48-5A6F-4E6E-BDA2-D65C841AE828}.AppStore|iPhoneSimulator.ActiveCfg = Release|x86
		{5ADD2D48-5A6F-4E6E-BDA2-D65C841AE828}.AppStore|iPhoneSimulator.Build.0 = Release|x86
		{5ADD2D48-5A6F-4E6E-BDA2-D65C841AE828}.AppStore|iPhoneSimulator.Deploy.0 = Release|x86
		{5ADD2D48-5A6F-4E6E-BDA2-D65C841AE828}.AppStore|x64.ActiveCfg = Release|x64
		{5ADD2D48-5A6F-4E6E-BDA2-D65C841AE828}.AppStore|x64.Build.0 = Release|x64
		{5ADD2D48-5A6F-4E6E-BDA2-D65C841AE828}.AppStore|x64.Deploy.0 = Release|x64
		{5ADD2D48-5A6F-4E6E-BDA2-D65C841AE828}.AppStore|x86.ActiveCfg = Release|x86
		{5ADD2D48-5A6F-4E6E-BDA2-D65C841AE828}.AppStore|x86.Build.0 = Release|x86
		{5ADD2D48-5A6F-4E6E-BDA2-D65C841AE828}.AppStore|x86.Deploy.0 = Release|x86
		{5ADD2D48-5A6F-4E6E-BDA2-D65C841AE828}.Debug|Any CPU.ActiveCfg = Debug|x86
		{5ADD2D48-5A6F-4E6E-BDA2-D65C841AE828}.Debug|ARM.ActiveCfg = Debug|ARM
		{5ADD2D48-5A6F-4E6E-BDA2-D65C841AE828}.Debug|ARM.Build.0 = Debug|ARM
		{5ADD2D48-5A6F-4E6E-BDA2-D65C841AE828}.Debug|ARM.Deploy.0 = Debug|ARM
		{5ADD2D48-5A6F-4E6E-BDA2-D65C841AE828}.Debug|iPhone.ActiveCfg = Debug|x86
		{5ADD2D48-5A6F-4E6E-BDA2-D65C841AE828}.Debug|iPhoneSimulator.ActiveCfg = Debug|x86
		{5ADD2D48-5A6F-4E6E-BDA2-D65C841AE828}.Debug|x64.ActiveCfg = Debug|x64
		{5ADD2D48-5A6F-4E6E-BDA2-D65C841AE828}.Debug|x64.Build.0 = Debug|x64
		{5ADD2D48-5A6F-4E6E-BDA2-D65C841AE828}.Debug|x64.Deploy.0 = Debug|x64
		{5ADD2D48-5A6F-4E6E-BDA2-D65C841AE828}.Debug|x86.ActiveCfg = Debug|x86
		{5ADD2D48-5A6F-4E6E-BDA2-D65C841AE828}.Debug|x86.Build.0 = Debug|x86
		{5ADD2D48-5A6F-4E6E-BDA2-D65C841AE828}.Debug|x86.Deploy.0 = Debug|x86
		{5ADD2D48-5A6F-4E6E-BDA2-D65C841AE828}.Release|Any CPU.ActiveCfg = Release|x86
		{5ADD2D48-5A6F-4E6E-BDA2-D65C841AE828}.Release|ARM.ActiveCfg = Release|ARM
		{5ADD2D48-5A6F-4E6E-BDA2-D65C841AE828}.Release|ARM.Build.0 = Release|ARM
		{5ADD2D48-5A6F-4E6E-BDA2-D65C841AE828}.Release|ARM.Deploy.0 = Release|ARM
		{5ADD2D48-5A6F-4E6E-BDA2-D65C841AE828}.Release|iPhone.ActiveCfg = Release|x86
		{5ADD2D48-5A6F-4E6E-BDA2-D65C841AE828}.Release|iPhoneSimulator.ActiveCfg = Release|x86
		{5ADD2D48-5A6F-4E6E-BDA2-D65C841AE828}.Release|x64.ActiveCfg = Release|x64
		{5ADD2D48-5A6F-4E6E-BDA2-D65C841AE828}.Release|x64.Build.0 = Release|x64
		{5ADD2D48-5A6F-4E6E-BDA2-D65C841AE828}.Release|x64.Deploy.0 = Release|x64
		{5ADD2D48-5A6F-4E6E-BDA2-D65C841AE828}.Release|x86.ActiveCfg = Release|x86
		{5ADD2D48-5A6F-4E6E-BDA2-D65C841AE828}.Release|x86.Build.0 = Release|x86
		{5ADD2D48-5A6F-4E6E-BDA2-D65C841AE828}.Release|x86.Deploy.0 = Release|x86
	EndGlobalSection
	GlobalSection(SolutionProperties) = preSolution
		HideSolutionNode = FALSE
	EndGlobalSection
	GlobalSection(ExtensibilityGlobals) = postSolution
		SolutionGuid = {D5F53E40-C1F5-4B0B-AA13-EE3BD24BCEDA}
	EndGlobalSection
EndGlobal
